# THIS IS AN AUTOGENERATED FILE. DO NOT EDIT THIS FILE DIRECTLY.
# yarn lockfile v1


"@openzeppelin/contracts-upgradeable@^4.7.3":
  version "4.8.1"
  resolved "https://npm.buttonwood.dev/@openzeppelin%2fcontracts-upgradeable/-/contracts-upgradeable-4.8.1.tgz#363f7dd08f25f8f77e16d374350c3d6b43340a7a"
  integrity sha512-1wTv+20lNiC0R07jyIAbHU7TNHKRwGiTGRfiNnA8jOWjKT98g5OgLpYWOi40Vgpk8SPLA9EvfJAbAeIyVn+7Bw==

"uFragments@https://github.com/ampleforth/ampleforth-contracts":
  version "0.0.1"
  resolved "https://github.com/ampleforth/ampleforth-contracts#ab5abe27fc5b107d9acacd9199809760f35a2ac7"
  dependencies:
    "@openzeppelin/contracts-upgradeable" "^4.7.3"
